lockfileVersion: '9.0'

settings:
  autoInstallPeers: true
  excludeLinksFromLockfile: false

importers:

  .:
    devDependencies:
      '@rsbuild/core':
        specifier: ^2.1.5
        version: 2.1.5
      '@rslib/core':
        specifier: ^0.23.2
        version: 0.23.2(typescript@7.0.2)
      '@rslint/core':
        specifier: ^0.6.5
        version: 0.6.5
      '@types/node':
        specifier: ^24.13.3
        version: 24.13.3
      prettier:
        specifier: ^3.9.5
        version: 3.9.5
      typescript:
        specifier: 7.0.2
        version: 7.0.2

packages:

  '@ast-grep/napi-darwin-arm64@0.37.0':
    resolution: {integrity: sha512-QAiIiaAbLvMEg/yBbyKn+p1gX2/FuaC0SMf7D7capm/oG4xGMzdeaQIcSosF4TCxxV+hIH4Bz9e4/u7w6Bnk3Q==}
    engines: {node: '>= 10'}
    cpu: [arm64]
    os: [darwin]

  '@ast-grep/napi-darwin-x64@0.37.0':
    resolution: {integrity: sha512-zvcvdgekd4ySV3zUbUp8HF5nk5zqwiMXTuVzTUdl/w08O7JjM6XPOIVT+d2o/MqwM9rsXdzdergY5oY2RdhSPA==}
    engines: {node: '>= 10'}
    cpu: [x64]
    os: [darwin]

  '@ast-grep/napi-linux-arm64-gnu@0.37.0':
    resolution: {integrity: sha512-L7Sj0lXy8X+BqSMgr1LB8cCoWk0rericdeu+dC8/c8zpsav5Oo2IQKY1PmiZ7H8IHoFBbURLf8iklY9wsD+cyA==}
    engines: {node: '>= 10'}
    cpu: [arm64]
    os: [linux]
    libc: [glibc]

  '@ast-grep/napi-linux-arm64-musl@0.37.0':
    resolution: {integrity: sha512-LF9sAvYy6es/OdyJDO3RwkX3I82Vkfsng1sqUBcoWC1jVb1wX5YVzHtpQox9JrEhGl+bNp7FYxB4Qba9OdA5GA==}
    engines: {node: '>= 10'}
    cpu: [arm64]
    os: [linux]
    libc: [musl]

  '@ast-grep/napi-linux-x64-gnu@0.37.0':
    resolution: {integrity: sha512-TViz5/klqre6aSmJzswEIjApnGjJzstG/SE8VDWsrftMBMYt2PTu3MeluZVwzSqDao8doT/P+6U11dU05UOgxw==}
    engines: {node: '>= 10'}
    cpu: [x64]
    os: [linux]
    libc: [glibc]

  '@ast-grep/napi-linux-x64-musl@0.37.0':
    resolution: {integrity: sha512-/BcCH33S9E3ovOAEoxYngUNXgb+JLg991sdyiNP2bSoYd30a9RHrG7CYwW6fMgua3ijQ474eV6cq9yZO1bCpXg==}
    engines: {node: '>= 10'}
    cpu: [x64]
    os: [linux]
    libc: [musl]

  '@ast-grep/napi-win32-arm64-msvc@0.37.0':
    resolution: {integrity: sha512-TjQA4cFoIEW2bgjLkaL9yqT4XWuuLa5MCNd0VCDhGRDMNQ9+rhwi9eLOWRaap3xzT7g+nlbcEHL3AkVCD2+b3A==}
    engines: {node: '>= 10'}
    cpu: [arm64]
    os: [win32]

  '@ast-grep/napi-win32-ia32-msvc@0.37.0':
    resolution: {integrity: sha512-uNmVka8fJCdYsyOlF9aZqQMLTatEYBynjChVTzUfFMDfmZ0bihs/YTqJVbkSm8TZM7CUX82apvn50z/dX5iWRA==}
    engines: {node: '>= 10'}
    cpu: [ia32]
    os: [win32]

  '@ast-grep/napi-win32-x64-msvc@0.37.0':
    resolution: {integrity: sha512-vCiFOT3hSCQuHHfZ933GAwnPzmL0G04JxQEsBRfqONywyT8bSdDc/ECpAfr3S9VcS4JZ9/F6tkePKW/Om2Dq2g==}
    engines: {node: '>= 10'}
    cpu: [x64]
    os: [win32]

  '@ast-grep/napi@0.37.0':
    resolution: {integrity: sha512-Hb4o6h1Pf6yRUAX07DR4JVY7dmQw+RVQMW5/m55GoiAT/VRoKCWBtIUPPOnqDVhbx1Cjfil9b6EDrgJsUAujEQ==}
    engines: {node: '>= 10'}

  '@emnapi/core@1.11.1':
    resolution: {integrity: sha512-RSvbQmHzdKzNsLYa/wHrbc3KN4sYLKAdPZxqiM2HATqv/SBk2/ENSHpvXGaLOMcsAyz0poEGqkmmKYG3OWiJEQ==}

  '@emnapi/runtime@1.11.1':
    resolution: {integrity: sha512-vgj7R3y3Wgx24IQaGPA/R6YFXLHVMOZ0uVEyIQPaWs+rd1AzfEMXlAC22FYwO1XkKR6NPsq7mUandH8oIRdZFw==}

  '@emnapi/wasi-threads@1.2.2':
    resolution: {integrity: sha512-c95qOXkHdydNKhscBTebqEC1CVAZpyqOfVfBzQ1qgzyl3gfeldUjIggDbIZgDKsHLgnsM+igH7TJ/eAasaVuMA==}

  '@napi-rs/wasm-runtime@1.1.6':
    resolution: {integrity: sha512-ZLv/JdUfkvOy9eCnnBaGfiO+XimbjebAeO+MRQqD/B+FR1tnRN0tpKSJHRbE8sFfS6aqsXZ67TQjfwfsxULVbg==}
    peerDependencies:
      '@emnapi/core': ^1.7.1
      '@emnapi/runtime': ^1.7.1

  '@rsbuild/core@2.1.5':
    resolution: {integrity: sha512-7TW4U1SH7VxQZzSTIOzvwj5lo9uNTmGpsmTXFr4axQAE4giLDKP3kVUA1ZW4P3/Mz4QQJJyvZP29mVcb8kZCfg==}
    engines: {node: ^20.19.0 || >=22.12.0}
    hasBin: true
    peerDependencies:
      core-js: '>= 3.0.0'
    peerDependenciesMeta:
      core-js:
        optional: true

  '@rslib/core@0.23.2':
    resolution: {integrity: sha512-KxSp+/y0BJ1O4oKwxX4ydBY7/ZVeJCUpWAmQniCIct8mTxIQFPGO/ibKbKq2IxZYqRuRpM8g+Dtyq0VbEQf9HQ==}
    engines: {node: ^20.19.0 || >=22.12.0}
    hasBin: true
    peerDependencies:
      '@microsoft/api-extractor': ^7
      typescript: ^5 || ^6 || ^7.0.1-0
    peerDependenciesMeta:
      '@microsoft/api-extractor':
        optional: true
      typescript:
        optional: true

  '@rslint/core@0.6.5':
    resolution: {integrity: sha512-BAy65hSKOhHrma20Rxqf1DTyGNYBSQGBeo21JKc0bgHzbkTbUcyPSz6EpdI3woDe0HqwGmOsl/tPTGqKvgsz3g==}
    hasBin: true
    peerDependencies:
      jiti: ^2.0.0
    peerDependenciesMeta:
      jiti:
        optional: true

  '@rslint/native-darwin-arm64@0.6.5':
    resolution: {integrity: sha512-5HDBqR1XgZ29pNEjSnm/YccWpwEWEl9d8rUQZkbDUz3x2VWylfok8Ty1qjDHVAas1k01euMS1YJA4/nku9N0Iw==}
    cpu: [arm64]
    os: [darwin]

  '@rslint/native-darwin-x64@0.6.5':
    resolution: {integrity: sha512-YU8w9N7NbBBDZ/B8nsmZmVLL5A40AnUxsywsCvDT6nPUhEqHJvCbwze5LHQFT4RvhJEfC/ye/7pqL59SnKN5tA==}
    cpu: [x64]
    os: [darwin]

  '@rslint/native-linux-arm64-gnu@0.6.5':
    resolution: {integrity: sha512-IGt5Op5dKO9ZbI9vOjZrgBnAM3QfT/X7PNjUVmYYso8OvseapzQv0E6D8qgTJVrN5874VWBwXgc7a/cylYR6IA==}
    cpu: [arm64]
    os: [linux]
    libc: [glibc]

  '@rslint/native-linux-arm64-musl@0.6.5':
    resolution: {integrity: sha512-cywsTmLudo4a6Rlp4bsriS9QF4n0aMZc25ArgxB/j3sIzHSREIoNdUYx1VHz7pOUJy2W5wmNfHIVWb+uz6R6eA==}
    cpu: [arm64]
    os: [linux]
    libc: [musl]

  '@rslint/native-linux-x64-gnu@0.6.5':
    resolution: {integrity: sha512-4/d3jkZQ0lnf1GtiB0WCLoXfMCPxD04mihVNWmC2qNj5JF8OKTg9tKbfpwZNjJDDVK0noj9JiynQGhVUZCMNDQ==}
    cpu: [x64]
    os: [linux]
    libc: [glibc]

  '@rslint/native-linux-x64-musl@0.6.5':
    resolution: {integrity: sha512-uz0q2MBm+iAbe+ecFA3JKsmlN12DWxNQYF0wHn81kpF5QPMlM62xsYFLHIs4ER7FtC2oR3SOtCcWsyIGRCiBxQ==}
    cpu: [x64]
    os: [linux]
    libc: [musl]

  '@rslint/native-win32-arm64-msvc@0.6.5':
    resolution: {integrity: sha512-bud+61vGaVBO1ykKvaM1vtPILQi0cl5nad0DboBmo4EtEykbZyapZ3aM/g8NV/ldJmkNaFQdwuXcrdfA9+d7Vg==}
    cpu: [arm64]
    os: [win32]

  '@rslint/native-win32-x64-msvc@0.6.5':
    resolution: {integrity: sha512-7iQozrpTvh/Vj7x5jTYaG+9zKWJkiXz0PgemFNUMIXLCZHWsJffPy7D1ls5q2Rfe6hshFJ9d6UxGk1KmLpZQiw==}
    cpu: [x64]
    os: [win32]

  '@rspack/binding-darwin-arm64@2.1.3':
    resolution: {integrity: sha512-oOGI0RSL89Ehu9T22rugmfUY9OC2eBqLMeWRYsu7bhlUrjoXeVfGBBSEXCse666BQ1sAiM8hD/k7nqVria/okQ==}
    cpu: [arm64]
    os: [darwin]

  '@rspack/binding-darwin-x64@2.1.3':
    resolution: {integrity: sha512-sVqWXNiFTMXAyN362y6IA+eJc8LXZKfHdhEJ/zDuMmRp+u2IvhgaF8tk3vX/OmeB9jydVjySijuiqk8No/FoCA==}
    cpu: [x64]
    os: [darwin]

  '@rspack/binding-linux-arm64-gnu@2.1.3':
    resolution: {integrity: sha512-aCy9Zli/2Qf+Ee5otXfFQ6mhv5fEyn0wIoBVmouqtJoqOO21et6UTtJ+LHLsMDolwGLyHERAljeSFSmYX3/O5A==}
    cpu: [arm64]
    os: [linux]
    libc: [glibc]

  '@rspack/binding-linux-arm64-musl@2.1.3':
    resolution: {integrity: sha512-flIE7eluz0d21Fn28EVm3vPwoJooOSqtmjLFVSuOMcoCbwV9clfor195oIrAppp/W7dL/3XquFuVfrsa01Jy8Q==}
    cpu: [arm64]
    os: [linux]
    libc: [musl]

  '@rspack/binding-linux-riscv64-gnu@2.1.3':
    resolution: {integrity: sha512-yojg8elye1nhsNeGncw0NrZ4pMGF7NVebR80CLg72TXyzfYwFJlFTdU5yUYb1Gy+JXIvrSCwzQt2QkyiEvmkfg==}
    cpu: [riscv64]
    os: [linux]
    libc: [glibc]

  '@rspack/binding-linux-riscv64-musl@2.1.3':
    resolution: {integrity: sha512-6PvbXb3FOK4X3S5QGvoSW/sqExmsvAoPnQ/YSFrXvTphkXFezA7wnobmGBHT8JQP31hcFRzJHIZSIOKktzSzzg==}
    cpu: [riscv64]
    os: [linux]
    libc: [musl]

  '@rspack/binding-linux-x64-gnu@2.1.3':
    resolution: {integrity: sha512-lMXjoGKf0SnviH596fmTszgtnXLHmWOoE90G8grG9MvKVa3pelRmfps5ewZL9s8ENf3NXRfOxIhIf/M9as6MqA==}
    cpu: [x64]
    os: [linux]
    libc: [glibc]

  '@rspack/binding-linux-x64-musl@2.1.3':
    resolution: {integrity: sha512-0esT35v7pW2ZsJTMc/zDUHwpNXlPqyUCyuiLJvrAAUcdENrgOVe4DmFrgVJ2hwqI4GjeN1VBnGRJ8c+edAHH5w==}
    cpu: [x64]
    os: [linux]
    libc: [musl]

  '@rspack/binding-wasm32-wasi@2.1.3':
    resolution: {integrity: sha512-UsrDjD59UEP0mhfN/Z+uTc3vLgiUvIr+mn92WC1sbQi9gtZohTYvaQYFhWuMkBqsACGcmZp704JAbbSrVrVYCA==}
    cpu: [wasm32]

  '@rspack/binding-win32-arm64-msvc@2.1.3':
    resolution: {integrity: sha512-42RS/SwKBTkNvXIPZXqTn0yEFN8zwGRfRe/ly0GDvPp/KxpLMFWxJmLxgtoLompU+0UCGvV4KpcBENt3oWs6BA==}
    cpu: [arm64]
    os: [win32]

  '@rspack/binding-win32-ia32-msvc@2.1.3':
    resolution: {integrity: sha512-thk43H1JHHbetNF3txcsGXeOwZi2m6Luf/uVUqNORXjxr5VV8woHAgaAx4QXVZRg70z1VDjd8mBWnHBnKI0FGA==}
    cpu: [ia32]
    os: [win32]

  '@rspack/binding-win32-x64-msvc@2.1.3':
    resolution: {integrity: sha512-ObaUcj+BHo/aBL1weyM3orApaHyAR5Phr3YNEpQEifxjZbNKM1iO5X5prN4OqEv3H+7o5e/Wh9Fy3N7Vvd+psA==}
    cpu: [x64]
    os: [win32]

  '@rspack/binding@2.1.3':
    resolution: {integrity: sha512-4UGXJqUHmm36tWG1GgFZz3p8sQ5JuSgWI+gq1xPPoihS41uYJL3cXuJnirTeWsmVrusmYZTQhgU3tl3VYGcJYg==}

  '@rspack/core@2.1.3':
    resolution: {integrity: sha512-1iGnxLrP+iyY0ZSjLZeQTaxrISpQz4yLyqJPmaF/l4uw27/dBcrloszAeLOJQ9jiv7EJtU0T5zB+LOFPpivIxA==}
    engines: {node: ^20.19.0 || >=22.12.0}
    peerDependencies:
      '@module-federation/runtime-tools': ^0.24.1 || ^2.0.0
      '@swc/helpers': ^0.5.23
    peerDependenciesMeta:
      '@module-federation/runtime-tools':
        optional: true
      '@swc/helpers':
        optional: true

  '@swc/helpers@0.5.23':
    resolution: {integrity: sha512-5lSsMOTXURePglDfvuAQUqkGek9Hg2kksOYay2m0+XR++b2NWYL/4sWyuvVBIs8oKnJaxkdi9whaL/sqN13afw==}

  '@tybys/wasm-util@0.10.3':
    resolution: {integrity: sha512-F3fo1MYrRJYL3zER0OUOmkutjr1Vp23m7OsSgp7nq4SP6OqX6C/56XFIPAl5bt3zaBRjmW7SGz3u/6LwFpYcOg==}

  '@types/node@24.13.3':
    resolution: {integrity: sha512-Dh8vAsV36ig5wa9OX4pXvMc9D3Veibfw2wix0CUwYODLD8nkj9UsLjASr49nPg+2eKzxhBV+v7L8pXvT4e639Q==}

  '@typescript/typescript-aix-ppc64@7.0.2':
    resolution: {integrity: sha512-MTKKkWB7p/0E9xi1d1tHtZ5PiLkGEMIq88pK2CubZjOsLtYTLqhgIgi6zepFa+9GHZ6h05NMCkQxGKiPXMxXtQ==}
    engines: {node: '>=16.20.0'}
    cpu: [ppc64]
    os: [aix]

  '@typescript/typescript-darwin-arm64@7.0.2':
    resolution: {integrity: sha512-gowzar9MwS/aRWp6f3a4KUqzRjAZjOsmGNCM6LcTgXum+dBfgsBVMN+AgvOCCbguXyick6LJhpBszxMebJ8syA==}
    engines: {node: '>=16.20.0'}
    cpu: [arm64]
    os: [darwin]

  '@typescript/typescript-darwin-x64@7.0.2':
    resolution: {integrity: sha512-SZ9xZInqApNlNGc9s0W1VSsktYSOe9cFqNOIqmN1Gs8SmkjKZYFt017G4VwPxASInODuAdbTW7sXiFUf893RgA==}
    engines: {node: '>=16.20.0'}
    cpu: [x64]
    os: [darwin]

  '@typescript/typescript-freebsd-arm64@7.0.2':
    resolution: {integrity: sha512-W5NH4y/J0plIIS5b2xvTEkU7JFxyqdMAOgf+Ilhl0vHQXKO5dZoxd+C/jEtq56c4F3wk71RB4BMRQ2XdI+bwYQ==}
    engines: {node: '>=16.20.0'}
    cpu: [arm64]
    os: [freebsd]

  '@typescript/typescript-freebsd-x64@7.0.2':
    resolution: {integrity: sha512-UMGDx5sTpzNw3WiPebH7l90IWfJggEd+egHt/q6p7/Cm3zqoV7VxkGXt+3DxPIw8CcmvAB0j3sVVfbhX+M4Tpw==}
    engines: {node: '>=16.20.0'}
    cpu: [x64]
    os: [freebsd]

  '@typescript/typescript-linux-arm64@7.0.2':
    resolution: {integrity: sha512-Qh4eU4/y3yDjnfjjyPYihMj5/ODIlmt+Bzu17OI+fiSRDW57QmU5SiN63exPRNJPKUzcc1INa1NXdrJ+MqHjUQ==}
    engines: {node: '>=16.20.0'}
    cpu: [arm64]
    os: [linux]

  '@typescript/typescript-linux-arm@7.0.2':
    resolution: {integrity: sha512-gffT3xPz9sR7j/YJExkyPntrI0P2EP9XbOyWzth2/Gs0RstK+90RBcO0ncXoXy/beYll1SXw846Nf2zdnEz0QQ==}
    engines: {node: '>=16.20.0'}
    cpu: [arm]
    os: [linux]

  '@typescript/typescript-linux-loong64@7.0.2':
    resolution: {integrity: sha512-uEHck9i8hoAzXPiYRib1O7miOnz23SxIeVl6F4LXox+qov1K35jHcEW6VHKvZI+pyvl7fZEP4MCU5LYvIq1GuQ==}
    engines: {node: '>=16.20.0'}
    cpu: [loong64]
    os: [linux]

  '@typescript/typescript-linux-mips64el@7.0.2':
    resolution: {integrity: sha512-R4KvAMnE43W5Qeqb0Ly56O3mWMWIAgsMyz36DCaycd5nbg/9kzm0liw3JocfRqyJY0KPmzFjbswozXyW0DnIYA==}
    engines: {node: '>=16.20.0'}
    cpu: [mips64el]
    os: [linux]

  '@typescript/typescript-linux-ppc64@7.0.2':
    resolution: {integrity: sha512-DORx5b3sd/4S7eayxm4FQv+A7CrkUIGRaHiwI8oiHTAI1fAPWhF4J0vAlkC8biAlHSVVwxMQ3tjZ2/DVbnQiiA==}
    engines: {node: '>=16.20.0'}
    cpu: [ppc64]
    os: [linux]

  '@typescript/typescript-linux-riscv64@7.0.2':
    resolution: {integrity: sha512-wf0jqEDOjrPRnKwYRyyJDRo11KMbvMFrU+q4zqKyChODBzvlkbhNQfKvLxQCcwTpdDaXSHZTVuh0JoCrKCUMHQ==}
    engines: {node: '>=16.20.0'}
    cpu: [riscv64]
    os: [linux]

  '@typescript/typescript-linux-s390x@7.0.2':
    resolution: {integrity: sha512-IkwJc3L7yhytWd/ewjyxNDfOmswCm9GWMJT/ue/dU4aZNbwZeYAetq42VyLmsmSjvoX7z74X6ZaYCtzAr0EuGw==}
    engines: {node: '>=16.20.0'}
    cpu: [s390x]
    os: [linux]

  '@typescript/typescript-linux-x64@7.0.2':
    resolution: {integrity: sha512-EYdf2cNg7rgCWJnxCdJ+F3V39O8ihb37eHAu1LK8oAFizgTQbPOK7zHHXbPt8rX24COqODXeI3sIf0fCXG7H/A==}
    engines: {node: '>=16.20.0'}
    cpu: [x64]
    os: [linux]

  '@typescript/typescript-netbsd-arm64@7.0.2':
    resolution: {integrity: sha512-+polYF4MF04aPpO5FTkHran9yUQDSXqy5GiSDKpsll5jy3l3+g9QLhpf39T+ePtefhXLOGrLl0QIjkQP6VnelA==}
    engines: {node: '>=16.20.0'}
    cpu: [arm64]
    os: [netbsd]

  '@typescript/typescript-netbsd-x64@7.0.2':
    resolution: {integrity: sha512-8YIT0EHM/3dq10ZOVF/A7pc/YSMtbcecct4rWtexrnSCHOPcpC2KTLXfTCR6vDpnSiY12heNb1GiN/wu+T/FyA==}
    engines: {node: '>=16.20.0'}
    cpu: [x64]
    os: [netbsd]

  '@typescript/typescript-openbsd-arm64@7.0.2':
    resolution: {integrity: sha512-APT8+ClYnuYm1u9+kgGXoMj2VzWzcymwh2gNSQVySHfkRDGOTVkoWLjCmOQSaO+PoqQ57B0flRp9SA+7GnnkzQ==}
    engines: {node: '>=16.20.0'}
    cpu: [arm64]
    os: [openbsd]

  '@typescript/typescript-openbsd-x64@7.0.2':
    resolution: {integrity: sha512-yX7s+Q0Dln0Dt9tEzZsAjXXR/+ytBM7AlglaqyeMPxQszJ1JhlJdZ6jLA+IzldHtflX81em7lDao1xXu+aRRkg==}
    engines: {node: '>=16.20.0'}
    cpu: [x64]
    os: [openbsd]

  '@typescript/typescript-sunos-x64@7.0.2':
    resolution: {integrity: sha512-dLJDGaLZ1D4HPQn62u1n8mBDkJREwMsAkCdkwd4Ieqw+x3TUyTsqY0YiBCtE6H6OzzgGk3iuZ3vFWRS+E8/d1g==}
    engines: {node: '>=16.20.0'}
    cpu: [x64]
    os: [sunos]

  '@typescript/typescript-win32-arm64@7.0.2':
    resolution: {integrity: sha512-Gyl1Vy6OsWesLzmq+EP0Fb7b4Nid5232AvcA2SFcdYreldpNtYFFofPjnt62y9hQy7VTaZp65ICJjuAQRaVcIQ==}
    engines: {node: '>=16.20.0'}
    cpu: [arm64]
    os: [win32]

  '@typescript/typescript-win32-x64@7.0.2':
    resolution: {integrity: sha512-0BQ3HkAHHlKLSp1qRvf3SUhGpGsDuhB/jgFw75guyqbxJqEaS0Cw/VFO8i2nHglJUzQCRtMMR/IBAKE3ETMC4g==}
    engines: {node: '>=16.20.0'}
    cpu: [x64]
    os: [win32]

  picomatch@4.0.4:
    resolution: {integrity: sha512-QP88BAKvMam/3NxH6vj2o21R6MjxZUAd6nlwAS/pnGvN9IVLocLHxGYIzFhg6fUQ+5th6P4dv4eW9jX3DSIj7A==}
    engines: {node: '>=12'}

  prettier@3.9.5:
    resolution: {integrity: sha512-/FVl766LpUfB5vXgCYOYa0MeV/441Ia99AeICQIQFTY/Nw0roZwULcXpku5i1/m5kt/baz+s4Zogspd839HSMg==}
    engines: {node: '>=14'}
    hasBin: true

  rsbuild-plugin-dts@0.23.2:
    resolution: {integrity: sha512-Ve8WOSPyTBjxH40O/6fChJtflL7yqcUtt5zbF0eHDM4hIt35jqLocRlSdCxFJdQm0blTjl6+hkmPa/vNI06ArA==}
    engines: {node: ^20.19.0 || >=22.12.0}
    peerDependencies:
      '@microsoft/api-extractor': ^7
      '@rsbuild/core': ^1.0.0 || ^2.0.0-0
      '@typescript/native-preview': ^7.0.0-0
      typescript: ^5 || ^6 || ^7.0.1-0
    peerDependenciesMeta:
      '@microsoft/api-extractor':
        optional: true
      '@typescript/native-preview':
        optional: true
      typescript:
        optional: true

  tslib@2.8.1:
    resolution: {integrity: sha512-oJFu94HQb+KVduSUQL7wnpmqnfmLsOA/nAh6b6EH0wCEoK0/mPeXU6c3wKDV83MkOuHPRHtSXKKU99IBazS/2w==}

  typescript@7.0.2:
    resolution: {integrity: sha512-8FYau96o3NKOhbjKi/qNvG/W5jhzxkbdm5sj9AbZ/5T5sWqn3hJgLfGx27sRKZWTvyzCP8dLRBTf5tBTSRVUNA==}
    engines: {node: '>=16.20.0'}
    hasBin: true

  undici-types@7.18.2:
    resolution: {integrity: sha512-AsuCzffGHJybSaRrmr5eHr81mwJU3kjw6M+uprWvCXiNeN9SOGwQ3Jn8jb8m3Z6izVgknn1R0FTCEAP2QrLY/w==}

snapshots:

  '@ast-grep/napi-darwin-arm64@0.37.0':
    optional: true

  '@ast-grep/napi-darwin-x64@0.37.0':
    optional: true

  '@ast-grep/napi-linux-arm64-gnu@0.37.0':
    optional: true

  '@ast-grep/napi-linux-arm64-musl@0.37.0':
    optional: true

  '@ast-grep/napi-linux-x64-gnu@0.37.0':
    optional: true

  '@ast-grep/napi-linux-x64-musl@0.37.0':
    optional: true

  '@ast-grep/napi-win32-arm64-msvc@0.37.0':
    optional: true

  '@ast-grep/napi-win32-ia32-msvc@0.37.0':
    optional: true

  '@ast-grep/napi-win32-x64-msvc@0.37.0':
    optional: true

  '@ast-grep/napi@0.37.0':
    optionalDependencies:
      '@ast-grep/napi-darwin-arm64': 0.37.0
      '@ast-grep/napi-darwin-x64': 0.37.0
      '@ast-grep/napi-linux-arm64-gnu': 0.37.0
      '@ast-grep/napi-linux-arm64-musl': 0.37.0
      '@ast-grep/napi-linux-x64-gnu': 0.37.0
      '@ast-grep/napi-linux-x64-musl': 0.37.0
      '@ast-grep/napi-win32-arm64-msvc': 0.37.0
      '@ast-grep/napi-win32-ia32-msvc': 0.37.0
      '@ast-grep/napi-win32-x64-msvc': 0.37.0

  '@emnapi/core@1.11.1':
    dependencies:
      '@emnapi/wasi-threads': 1.2.2
      tslib: 2.8.1
    optional: true

  '@emnapi/runtime@1.11.1':
    dependencies:
      tslib: 2.8.1
    optional: true

  '@emnapi/wasi-threads@1.2.2':
    dependencies:
      tslib: 2.8.1
    optional: true

  '@napi-rs/wasm-runtime@1.1.6(@emnapi/core@1.11.1)(@emnapi/runtime@1.11.1)':
    dependencies:
      '@emnapi/core': 1.11.1
      '@emnapi/runtime': 1.11.1
      '@tybys/wasm-util': 0.10.3
    optional: true

  '@rsbuild/core@2.1.5':
    dependencies:
      '@rspack/core': 2.1.3(@swc/helpers@0.5.23)
      '@swc/helpers': 0.5.23
    transitivePeerDependencies:
      - '@module-federation/runtime-tools'

  '@rslib/core@0.23.2(typescript@7.0.2)':
    dependencies:
      '@rsbuild/core': 2.1.5
      rsbuild-plugin-dts: 0.23.2(@rsbuild/core@2.1.5)(typescript@7.0.2)
    optionalDependencies:
      typescript: 7.0.2
    transitivePeerDependencies:
      - '@module-federation/runtime-tools'
      - '@typescript/native-preview'
      - core-js

  '@rslint/core@0.6.5':
    dependencies:
      picomatch: 4.0.4
    optionalDependencies:
      '@rslint/native-darwin-arm64': 0.6.5
      '@rslint/native-darwin-x64': 0.6.5
      '@rslint/native-linux-arm64-gnu': 0.6.5
      '@rslint/native-linux-arm64-musl': 0.6.5
      '@rslint/native-linux-x64-gnu': 0.6.5
      '@rslint/native-linux-x64-musl': 0.6.5
      '@rslint/native-win32-arm64-msvc': 0.6.5
      '@rslint/native-win32-x64-msvc': 0.6.5

  '@rslint/native-darwin-arm64@0.6.5':
    optional: true

  '@rslint/native-darwin-x64@0.6.5':
    optional: true

  '@rslint/native-linux-arm64-gnu@0.6.5':
    optional: true

  '@rslint/native-linux-arm64-musl@0.6.5':
    optional: true

  '@rslint/native-linux-x64-gnu@0.6.5':
    optional: true

  '@rslint/native-linux-x64-musl@0.6.5':
    optional: true

  '@rslint/native-win32-arm64-msvc@0.6.5':
    optional: true

  '@rslint/native-win32-x64-msvc@0.6.5':
    optional: true

  '@rspack/binding-darwin-arm64@2.1.3':
    optional: true

  '@rspack/binding-darwin-x64@2.1.3':
    optional: true

  '@rspack/binding-linux-arm64-gnu@2.1.3':
    optional: true

  '@rspack/binding-linux-arm64-musl@2.1.3':
    optional: true

  '@rspack/binding-linux-riscv64-gnu@2.1.3':
    optional: true

  '@rspack/binding-linux-riscv64-musl@2.1.3':
    optional: true

  '@rspack/binding-linux-x64-gnu@2.1.3':
    optional: true

  '@rspack/binding-linux-x64-musl@2.1.3':
    optional: true

  '@rspack/binding-wasm32-wasi@2.1.3':
    dependencies:
      '@emnapi/core': 1.11.1
      '@emnapi/runtime': 1.11.1
      '@napi-rs/wasm-runtime': 1.1.6(@emnapi/core@1.11.1)(@emnapi/runtime@1.11.1)
    optional: true

  '@rspack/binding-win32-arm64-msvc@2.1.3':
    optional: true

  '@rspack/binding-win32-ia32-msvc@2.1.3':
    optional: true

  '@rspack/binding-win32-x64-msvc@2.1.3':
    optional: true

  '@rspack/binding@2.1.3':
    optionalDependencies:
      '@rspack/binding-darwin-arm64': 2.1.3
      '@rspack/binding-darwin-x64': 2.1.3
      '@rspack/binding-linux-arm64-gnu': 2.1.3
      '@rspack/binding-linux-arm64-musl': 2.1.3
      '@rspack/binding-linux-riscv64-gnu': 2.1.3
      '@rspack/binding-linux-riscv64-musl': 2.1.3
      '@rspack/binding-linux-x64-gnu': 2.1.3
      '@rspack/binding-linux-x64-musl': 2.1.3
      '@rspack/binding-wasm32-wasi': 2.1.3
      '@rspack/binding-win32-arm64-msvc': 2.1.3
      '@rspack/binding-win32-ia32-msvc': 2.1.3
      '@rspack/binding-win32-x64-msvc': 2.1.3

  '@rspack/core@2.1.3(@swc/helpers@0.5.23)':
    dependencies:
      '@rspack/binding': 2.1.3
    optionalDependencies:
      '@swc/helpers': 0.5.23

  '@swc/helpers@0.5.23':
    dependencies:
      tslib: 2.8.1

  '@tybys/wasm-util@0.10.3':
    dependencies:
      tslib: 2.8.1
    optional: true

  '@types/node@24.13.3':
    dependencies:
      undici-types: 7.18.2

  '@typescript/typescript-aix-ppc64@7.0.2':
    optional: true

  '@typescript/typescript-darwin-arm64@7.0.2':
    optional: true

  '@typescript/typescript-darwin-x64@7.0.2':
    optional: true

  '@typescript/typescript-freebsd-arm64@7.0.2':
    optional: true

  '@typescript/typescript-freebsd-x64@7.0.2':
    optional: true

  '@typescript/typescript-linux-arm64@7.0.2':
    optional: true

  '@typescript/typescript-linux-arm@7.0.2':
    optional: true

  '@typescript/typescript-linux-loong64@7.0.2':
    optional: true

  '@typescript/typescript-linux-mips64el@7.0.2':
    optional: true

  '@typescript/typescript-linux-ppc64@7.0.2':
    optional: true

  '@typescript/typescript-linux-riscv64@7.0.2':
    optional: true

  '@typescript/typescript-linux-s390x@7.0.2':
    optional: true

  '@typescript/typescript-linux-x64@7.0.2':
    optional: true

  '@typescript/typescript-netbsd-arm64@7.0.2':
    optional: true

  '@typescript/typescript-netbsd-x64@7.0.2':
    optional: true

  '@typescript/typescript-openbsd-arm64@7.0.2':
    optional: true

  '@typescript/typescript-openbsd-x64@7.0.2':
    optional: true

  '@typescript/typescript-sunos-x64@7.0.2':
    optional: true

  '@typescript/typescript-win32-arm64@7.0.2':
    optional: true

  '@typescript/typescript-win32-x64@7.0.2':
    optional: true

  picomatch@4.0.4: {}

  prettier@3.9.5: {}

  rsbuild-plugin-dts@0.23.2(@rsbuild/core@2.1.5)(typescript@7.0.2):
    dependencies:
      '@ast-grep/napi': 0.37.0
      '@rsbuild/core': 2.1.5
    optionalDependencies:
      typescript: 7.0.2

  tslib@2.8.1: {}

  typescript@7.0.2:
    optionalDependencies:
      '@typescript/typescript-aix-ppc64': 7.0.2
      '@typescript/typescript-darwin-arm64': 7.0.2
      '@typescript/typescript-darwin-x64': 7.0.2
      '@typescript/typescript-freebsd-arm64': 7.0.2
      '@typescript/typescript-freebsd-x64': 7.0.2
      '@typescript/typescript-linux-arm': 7.0.2
      '@typescript/typescript-linux-arm64': 7.0.2
      '@typescript/typescript-linux-loong64': 7.0.2
      '@typescript/typescript-linux-mips64el': 7.0.2
      '@typescript/typescript-linux-ppc64': 7.0.2
      '@typescript/typescript-linux-riscv64': 7.0.2
      '@typescript/typescript-linux-s390x': 7.0.2
      '@typescript/typescript-linux-x64': 7.0.2
      '@typescript/typescript-netbsd-arm64': 7.0.2
      '@typescript/typescript-netbsd-x64': 7.0.2
      '@typescript/typescript-openbsd-arm64': 7.0.2
      '@typescript/typescript-openbsd-x64': 7.0.2
      '@typescript/typescript-sunos-x64': 7.0.2
      '@typescript/typescript-win32-arm64': 7.0.2
      '@typescript/typescript-win32-x64': 7.0.2

  undici-types@7.18.2: {}
