lockfileVersion: '9.0'

settings:
  autoInstallPeers: true
  excludeLinksFromLockfile: false

importers:

  .:
    devDependencies:
      '@rsbuild/core':
        specifier: ^2.0.9
        version: 2.0.9
      '@rslib/core':
        specifier: ^0.22.0
        version: 0.22.0(typescript@6.0.3)
      '@rslint/core':
        specifier: ^0.6.1
        version: 0.6.1
      '@types/node':
        specifier: ^24.12.4
        version: 24.12.4
      prettier:
        specifier: ^3.8.3
        version: 3.8.3
      typescript:
        specifier: 6.0.3
        version: 6.0.3

packages:

  '@ast-grep/napi-darwin-arm64@0.37.0':
    resolution: {integrity: sha512-QAiIiaAbLvMEg/yBbyKn+p1gX2/FuaC0SMf7D7capm/oG4xGMzdeaQIcSosF4TCxxV+hIH4Bz9e4/u7w6Bnk3Q==}
    engines: {node: '>= 10'}
    cpu: [arm64]
    os: [darwin]

  '@ast-grep/napi-darwin-x64@0.37.0':
    resolution: {integrity: sha512-zvcvdgekd4ySV3zUbUp8HF5nk5zqwiMXTuVzTUdl/w08O7JjM6XPOIVT+d2o/MqwM9rsXdzdergY5oY2RdhSPA==}
    engines: {node: '>= 10'}
    cpu: [x64]
    os: [darwin]

  '@ast-grep/napi-linux-arm64-gnu@0.37.0':
    resolution: {integrity: sha512-L7Sj0lXy8X+BqSMgr1LB8cCoWk0rericdeu+dC8/c8zpsav5Oo2IQKY1PmiZ7H8IHoFBbURLf8iklY9wsD+cyA==}
    engines: {node: '>= 10'}
    cpu: [arm64]
    os: [linux]
    libc: [glibc]

  '@ast-grep/napi-linux-arm64-musl@0.37.0':
    resolution: {integrity: sha512-LF9sAvYy6es/OdyJDO3RwkX3I82Vkfsng1sqUBcoWC1jVb1wX5YVzHtpQox9JrEhGl+bNp7FYxB4Qba9OdA5GA==}
    engines: {node: '>= 10'}
    cpu: [arm64]
    os: [linux]
    libc: [musl]

  '@ast-grep/napi-linux-x64-gnu@0.37.0':
    resolution: {integrity: sha512-TViz5/klqre6aSmJzswEIjApnGjJzstG/SE8VDWsrftMBMYt2PTu3MeluZVwzSqDao8doT/P+6U11dU05UOgxw==}
    engines: {node: '>= 10'}
    cpu: [x64]
    os: [linux]
    libc: [glibc]

  '@ast-grep/napi-linux-x64-musl@0.37.0':
    resolution: {integrity: sha512-/BcCH33S9E3ovOAEoxYngUNXgb+JLg991sdyiNP2bSoYd30a9RHrG7CYwW6fMgua3ijQ474eV6cq9yZO1bCpXg==}
    engines: {node: '>= 10'}
    cpu: [x64]
    os: [linux]
    libc: [musl]

  '@ast-grep/napi-win32-arm64-msvc@0.37.0':
    resolution: {integrity: sha512-TjQA4cFoIEW2bgjLkaL9yqT4XWuuLa5MCNd0VCDhGRDMNQ9+rhwi9eLOWRaap3xzT7g+nlbcEHL3AkVCD2+b3A==}
    engines: {node: '>= 10'}
    cpu: [arm64]
    os: [win32]

  '@ast-grep/napi-win32-ia32-msvc@0.37.0':
    resolution: {integrity: sha512-uNmVka8fJCdYsyOlF9aZqQMLTatEYBynjChVTzUfFMDfmZ0bihs/YTqJVbkSm8TZM7CUX82apvn50z/dX5iWRA==}
    engines: {node: '>= 10'}
    cpu: [ia32]
    os: [win32]

  '@ast-grep/napi-win32-x64-msvc@0.37.0':
    resolution: {integrity: sha512-vCiFOT3hSCQuHHfZ933GAwnPzmL0G04JxQEsBRfqONywyT8bSdDc/ECpAfr3S9VcS4JZ9/F6tkePKW/Om2Dq2g==}
    engines: {node: '>= 10'}
    cpu: [x64]
    os: [win32]

  '@ast-grep/napi@0.37.0':
    resolution: {integrity: sha512-Hb4o6h1Pf6yRUAX07DR4JVY7dmQw+RVQMW5/m55GoiAT/VRoKCWBtIUPPOnqDVhbx1Cjfil9b6EDrgJsUAujEQ==}
    engines: {node: '>= 10'}

  '@emnapi/core@1.10.0':
    resolution: {integrity: sha512-yq6OkJ4p82CAfPl0u9mQebQHKPJkY7WrIuk205cTYnYe+k2Z8YBh11FrbRG/H6ihirqcacOgl2BIO8oyMQLeXw==}

  '@emnapi/runtime@1.10.0':
    resolution: {integrity: sha512-ewvYlk86xUoGI0zQRNq/mC+16R1QeDlKQy21Ki3oSYXNgLb45GV1P6A0M+/s6nyCuNDqe5VpaY84BzXGwVbwFA==}

  '@emnapi/wasi-threads@1.2.1':
    resolution: {integrity: sha512-uTII7OYF+/Mes/MrcIOYp5yOtSMLBWSIoLPpcgwipoiKbli6k322tcoFsxoIIxPDqW01SQGAgko4EzZi2BNv2w==}

  '@napi-rs/wasm-runtime@1.1.4':
    resolution: {integrity: sha512-3NQNNgA1YSlJb/kMH1ildASP9HW7/7kYnRI2szWJaofaS1hWmbGI4H+d3+22aGzXXN9IJ+n+GiFVcGipJP18ow==}
    peerDependencies:
      '@emnapi/core': ^1.7.1
      '@emnapi/runtime': ^1.7.1

  '@rsbuild/core@2.0.9':
    resolution: {integrity: sha512-lK2bMNuwh3TuLXLskS7nG3fnQk+6eaLeeZiquJWcna4JZx9iaI59JSd+iLcg5TeZLjEVygkwn/HcE+yuYDQRAw==}
    engines: {node: ^20.19.0 || >=22.12.0}
    hasBin: true
    peerDependencies:
      core-js: '>= 3.0.0'
    peerDependenciesMeta:
      core-js:
        optional: true

  '@rslib/core@0.22.0':
    resolution: {integrity: sha512-DGTMBDTSdILac0SmeBWvdYf/ZDn09vXgbJQ3/N1J7i6vBpFGWCCKjARoz1R5jYqr1Z9tLJ1OfOVZktbNY/XXuA==}
    engines: {node: ^20.19.0 || >=22.12.0}
    hasBin: true
    peerDependencies:
      '@microsoft/api-extractor': ^7
      typescript: ^5 || ^6
    peerDependenciesMeta:
      '@microsoft/api-extractor':
        optional: true
      typescript:
        optional: true

  '@rslint/core@0.6.1':
    resolution: {integrity: sha512-UTc2kp3ERxjwkLUBsGMRjuI95K8Ws4xbIriYTrGZ2BAnLHg6BwqWli/sTBWiMAEtefWe/5Vu2ejLwcgV1F3QSA==}
    hasBin: true
    peerDependencies:
      jiti: ^2.0.0
    peerDependenciesMeta:
      jiti:
        optional: true

  '@rslint/native-darwin-arm64@0.6.1':
    resolution: {integrity: sha512-Xt6gkSIztk8l7O1O0YXZ8X6kjEhaQvm9MplkDJR24RRSuALVw4Pzc9Z3ASjEbv4xnkuvPQLNQZg7/M3v274uNw==}
    cpu: [arm64]
    os: [darwin]

  '@rslint/native-darwin-x64@0.6.1':
    resolution: {integrity: sha512-LZ0AaqpF3wAFl3lfDM5P0YCGoavm8AN33Cy9Z5wD+N8Ffj+KR39QdmuWX6ZivPm0OPPw0xov6YDzDRCHvVtsbA==}
    cpu: [x64]
    os: [darwin]

  '@rslint/native-linux-arm64-gnu@0.6.1':
    resolution: {integrity: sha512-H1jI8uEw4gdeEcD/zTn7xD0LWIJTfSyrhDnimN22xvKZ3ufo3EvTOs5t9alVns7xiGbxFeWnjPjwl/p6DI95AA==}
    cpu: [arm64]
    os: [linux]
    libc: [glibc]

  '@rslint/native-linux-arm64-musl@0.6.1':
    resolution: {integrity: sha512-BbXisiQaJDgLwCXXIIKllbTDxtJoS33OEsk/zEQ2wvxSH52G9c/XLcoQaEgTa4Mc3XULgmPFfCdlNXQckeJQkg==}
    cpu: [arm64]
    os: [linux]
    libc: [musl]

  '@rslint/native-linux-x64-gnu@0.6.1':
    resolution: {integrity: sha512-ZQoxbBCxzSY1jnbt2jdyNaSFqGUmF2u69jqMS7v9VsYDod9JtSHb3Wnp71finz3KhslZExHXKqQQvGmdyC5cwA==}
    cpu: [x64]
    os: [linux]
    libc: [glibc]

  '@rslint/native-linux-x64-musl@0.6.1':
    resolution: {integrity: sha512-6uKdu8KAnKdllZvKWInfD5pntdIik3+3p+vDUzcPeLlTgAv6qxT6MQZqGjVCRPa1XbnCamwbdp/zV7onuV79Ag==}
    cpu: [x64]
    os: [linux]
    libc: [musl]

  '@rslint/native-win32-arm64-msvc@0.6.1':
    resolution: {integrity: sha512-1TG5JCSkm/rzmUSTlBNrgLE14fxreXUZlC1TgzUWg8rjm6AJSVBKYntvC6c4SestXI33LKMOfnTb+dXd4DdZ8Q==}
    cpu: [arm64]
    os: [win32]

  '@rslint/native-win32-x64-msvc@0.6.1':
    resolution: {integrity: sha512-LXhHXfzu4YjjqVbBC2tKyq1L7UVJqtbnSXyOXMhdaVNHRkHfuCjX3Us5uNe4/TbQdOIH7Qcfwzsj1/GpMYID+A==}
    cpu: [x64]
    os: [win32]

  '@rslint/native@0.6.1':
    resolution: {integrity: sha512-WR/tITtBCjxkBhpDRip4h6n+gxMMqqijFKmDjuc3O/ScWMrX+KbeKcnS0u1Y8e0YfoAmk7dHR9HIT+IRHod1IQ==}

  '@rspack/binding-darwin-arm64@2.0.5':
    resolution: {integrity: sha512-++wjLQjQ20GcR0DwbzQmVXg9qy4XCX5NlfSzkzj2icHoDxr3KkrXhyVrQkdWuNG6l/bQrGLPnvLEAqkroC2Y7A==}
    cpu: [arm64]
    os: [darwin]

  '@rspack/binding-darwin-x64@2.0.5':
    resolution: {integrity: sha512-JBD5mCN3JKjV64Mh9nDYx8lLUrWDfEl5tLBuMkREUnqEKbo+z4nfwotyqHHM8/XgZwL+Gr7ps4GLWuQQrZB8+Q==}
    cpu: [x64]
    os: [darwin]

  '@rspack/binding-linux-arm64-gnu@2.0.5':
    resolution: {integrity: sha512-JI8+//woanJPNsfL7iGjX39zyiWumnrKHznWQM/7lEtE5nPmk+j+X7TYXxczSWC9zfZegiqI74D3L5JPDC84Fw==}
    cpu: [arm64]
    os: [linux]
    libc: [glibc]

  '@rspack/binding-linux-arm64-musl@2.0.5':
    resolution: {integrity: sha512-5LujilxLtJFRiiPz5i5iWcWJriK9oy4gN7gZtTo8YRB7wwmwA8LMypTjjO0GLbkPS4/KeCfY4fDfTC29KmK+tA==}
    cpu: [arm64]
    os: [linux]
    libc: [musl]

  '@rspack/binding-linux-x64-gnu@2.0.5':
    resolution: {integrity: sha512-241wqE132jh+/U/pn97qUPV4KpIy4bSrTH0tqfzQCocgw+8hrUj02GqNG+3MXVC3qtwaQeJFYgEBy3TqFKsrIQ==}
    cpu: [x64]
    os: [linux]
    libc: [glibc]

  '@rspack/binding-linux-x64-musl@2.0.5':
    resolution: {integrity: sha512-BhaXZD064Lci3Kia0kLDAb4TyxO2C+0UidMlj44e8+ctasxIfFZgnrhCJrhTFHAtOiAwqhU3FHun2UuxPqX0Eg==}
    cpu: [x64]
    os: [linux]
    libc: [musl]

  '@rspack/binding-wasm32-wasi@2.0.5':
    resolution: {integrity: sha512-duEkRoXrl9SW8uGHv7JURJ5lgKu87qFDQ4Exy6UQPvsUJVXhtRXTfvMHCb/CejVJuW2Bw2D632/axZq3qRSuBQ==}
    cpu: [wasm32]

  '@rspack/binding-win32-arm64-msvc@2.0.5':
    resolution: {integrity: sha512-q2WT3HFoWL+2g84l3s2kY7CiE1gEZ1bwB3txx3eZzQQ6YKP7bE82z6sl6S/pTOHGjHdAO4snQXpSaHwUt3LX5g==}
    cpu: [arm64]
    os: [win32]

  '@rspack/binding-win32-ia32-msvc@2.0.5':
    resolution: {integrity: sha512-nMJGIY7kvgbyMolEE7tXDe+Z9jSItDshTIqMQQkkD3WTHdjlBQozHxk4kBtKLsunO+3NkCLe5Oa3hXg1yyStIg==}
    cpu: [ia32]
    os: [win32]

  '@rspack/binding-win32-x64-msvc@2.0.5':
    resolution: {integrity: sha512-vP0BR6fxdPL9cb02HAuZATg/CjR07aecWel3s1vqRwW1aDffgXh9PVmqEKIHTgyaNsNR55kSKNJsB9AcQ8/QrA==}
    cpu: [x64]
    os: [win32]

  '@rspack/binding@2.0.5':
    resolution: {integrity: sha512-Ta1y4WXJA87wM1OstqaMddoPsBGv7Cu779bYToKxEAqR/Yy9DxLkp7bdgBaAx2JH++BwVjV+toWts2V9AaiTFQ==}

  '@rspack/core@2.0.5':
    resolution: {integrity: sha512-9tv2HAnSiTote5WPH2tmz1hLZ1zKbzkiZc1eYp7LP/8jcsiJBuf40ihiWidAgbbuYtJo3kWET6q+qOm5UhNiGA==}
    engines: {node: ^20.19.0 || >=22.12.0}
    peerDependencies:
      '@module-federation/runtime-tools': ^0.24.1 || ^2.0.0
      '@swc/helpers': ^0.5.23
    peerDependenciesMeta:
      '@module-federation/runtime-tools':
        optional: true
      '@swc/helpers':
        optional: true

  '@swc/helpers@0.5.23':
    resolution: {integrity: sha512-5lSsMOTXURePglDfvuAQUqkGek9Hg2kksOYay2m0+XR++b2NWYL/4sWyuvVBIs8oKnJaxkdi9whaL/sqN13afw==}

  '@tybys/wasm-util@0.10.1':
    resolution: {integrity: sha512-9tTaPJLSiejZKx+Bmog4uSubteqTvFrVrURwkmHixBo0G4seD0zUxp98E1DzUBJxLQ3NPwXrGKDiVjwx/DpPsg==}

  '@types/node@24.12.4':
    resolution: {integrity: sha512-GUUEShf+PBCGW2KaXwcIt3Yk+e3pkKwWKb9GSyM9WQVE+ep2jzmHdGsHzu4wgcZy5fN9FBdVzjpBQsYlpfpgLA==}

  picomatch@4.0.4:
    resolution: {integrity: sha512-QP88BAKvMam/3NxH6vj2o21R6MjxZUAd6nlwAS/pnGvN9IVLocLHxGYIzFhg6fUQ+5th6P4dv4eW9jX3DSIj7A==}
    engines: {node: '>=12'}

  prettier@3.8.3:
    resolution: {integrity: sha512-7igPTM53cGHMW8xWuVTydi2KO233VFiTNyF5hLJqpilHfmn8C8gPf+PS7dUT64YcXFbiMGZxS9pCSxL/Dxm/Jw==}
    engines: {node: '>=14'}
    hasBin: true

  rsbuild-plugin-dts@0.22.0:
    resolution: {integrity: sha512-Oyiu5oJDHWOnBv7yRr8eAGfoEddwxfPqUbAX6HvcJxrnR/h6Zd0VgTBWVTgqALYhLcL2ZdyZ2vwnqfhan4krwA==}
    engines: {node: ^20.19.0 || >=22.12.0}
    peerDependencies:
      '@microsoft/api-extractor': ^7
      '@rsbuild/core': ^1.0.0 || ^2.0.0-0
      '@typescript/native-preview': 7.x
      typescript: ^5 || ^6
    peerDependenciesMeta:
      '@microsoft/api-extractor':
        optional: true
      '@typescript/native-preview':
        optional: true
      typescript:
        optional: true

  tslib@2.8.1:
    resolution: {integrity: sha512-oJFu94HQb+KVduSUQL7wnpmqnfmLsOA/nAh6b6EH0wCEoK0/mPeXU6c3wKDV83MkOuHPRHtSXKKU99IBazS/2w==}

  typescript@6.0.3:
    resolution: {integrity: sha512-y2TvuxSZPDyQakkFRPZHKFm+KKVqIisdg9/CZwm9ftvKXLP8NRWj38/ODjNbr43SsoXqNuAisEf1GdCxqWcdBw==}
    engines: {node: '>=14.17'}
    hasBin: true

  undici-types@7.16.0:
    resolution: {integrity: sha512-Zz+aZWSj8LE6zoxD+xrjh4VfkIG8Ya6LvYkZqtUQGJPZjYl53ypCaUwWqo7eI0x66KBGeRo+mlBEkMSeSZ38Nw==}

snapshots:

  '@ast-grep/napi-darwin-arm64@0.37.0':
    optional: true

  '@ast-grep/napi-darwin-x64@0.37.0':
    optional: true

  '@ast-grep/napi-linux-arm64-gnu@0.37.0':
    optional: true

  '@ast-grep/napi-linux-arm64-musl@0.37.0':
    optional: true

  '@ast-grep/napi-linux-x64-gnu@0.37.0':
    optional: true

  '@ast-grep/napi-linux-x64-musl@0.37.0':
    optional: true

  '@ast-grep/napi-win32-arm64-msvc@0.37.0':
    optional: true

  '@ast-grep/napi-win32-ia32-msvc@0.37.0':
    optional: true

  '@ast-grep/napi-win32-x64-msvc@0.37.0':
    optional: true

  '@ast-grep/napi@0.37.0':
    optionalDependencies:
      '@ast-grep/napi-darwin-arm64': 0.37.0
      '@ast-grep/napi-darwin-x64': 0.37.0
      '@ast-grep/napi-linux-arm64-gnu': 0.37.0
      '@ast-grep/napi-linux-arm64-musl': 0.37.0
      '@ast-grep/napi-linux-x64-gnu': 0.37.0
      '@ast-grep/napi-linux-x64-musl': 0.37.0
      '@ast-grep/napi-win32-arm64-msvc': 0.37.0
      '@ast-grep/napi-win32-ia32-msvc': 0.37.0
      '@ast-grep/napi-win32-x64-msvc': 0.37.0

  '@emnapi/core@1.10.0':
    dependencies:
      '@emnapi/wasi-threads': 1.2.1
      tslib: 2.8.1
    optional: true

  '@emnapi/runtime@1.10.0':
    dependencies:
      tslib: 2.8.1
    optional: true

  '@emnapi/wasi-threads@1.2.1':
    dependencies:
      tslib: 2.8.1
    optional: true

  '@napi-rs/wasm-runtime@1.1.4(@emnapi/core@1.10.0)(@emnapi/runtime@1.10.0)':
    dependencies:
      '@emnapi/core': 1.10.0
      '@emnapi/runtime': 1.10.0
      '@tybys/wasm-util': 0.10.1
    optional: true

  '@rsbuild/core@2.0.9':
    dependencies:
      '@rspack/core': 2.0.5(@swc/helpers@0.5.23)
      '@swc/helpers': 0.5.23
    transitivePeerDependencies:
      - '@module-federation/runtime-tools'

  '@rslib/core@0.22.0(typescript@6.0.3)':
    dependencies:
      '@rsbuild/core': 2.0.9
      rsbuild-plugin-dts: 0.22.0(@rsbuild/core@2.0.9)(typescript@6.0.3)
    optionalDependencies:
      typescript: 6.0.3
    transitivePeerDependencies:
      - '@module-federation/runtime-tools'
      - '@typescript/native-preview'
      - core-js

  '@rslint/core@0.6.1':
    dependencies:
      '@rslint/native': 0.6.1
      picomatch: 4.0.4
    optionalDependencies:
      '@rslint/native-darwin-arm64': 0.6.1
      '@rslint/native-darwin-x64': 0.6.1
      '@rslint/native-linux-arm64-gnu': 0.6.1
      '@rslint/native-linux-arm64-musl': 0.6.1
      '@rslint/native-linux-x64-gnu': 0.6.1
      '@rslint/native-linux-x64-musl': 0.6.1
      '@rslint/native-win32-arm64-msvc': 0.6.1
      '@rslint/native-win32-x64-msvc': 0.6.1

  '@rslint/native-darwin-arm64@0.6.1':
    optional: true

  '@rslint/native-darwin-x64@0.6.1':
    optional: true

  '@rslint/native-linux-arm64-gnu@0.6.1':
    optional: true

  '@rslint/native-linux-arm64-musl@0.6.1':
    optional: true

  '@rslint/native-linux-x64-gnu@0.6.1':
    optional: true

  '@rslint/native-linux-x64-musl@0.6.1':
    optional: true

  '@rslint/native-win32-arm64-msvc@0.6.1':
    optional: true

  '@rslint/native-win32-x64-msvc@0.6.1':
    optional: true

  '@rslint/native@0.6.1':
    optionalDependencies:
      '@rslint/native-darwin-arm64': 0.6.1
      '@rslint/native-darwin-x64': 0.6.1
      '@rslint/native-linux-arm64-gnu': 0.6.1
      '@rslint/native-linux-arm64-musl': 0.6.1
      '@rslint/native-linux-x64-gnu': 0.6.1
      '@rslint/native-linux-x64-musl': 0.6.1
      '@rslint/native-win32-arm64-msvc': 0.6.1
      '@rslint/native-win32-x64-msvc': 0.6.1

  '@rspack/binding-darwin-arm64@2.0.5':
    optional: true

  '@rspack/binding-darwin-x64@2.0.5':
    optional: true

  '@rspack/binding-linux-arm64-gnu@2.0.5':
    optional: true

  '@rspack/binding-linux-arm64-musl@2.0.5':
    optional: true

  '@rspack/binding-linux-x64-gnu@2.0.5':
    optional: true

  '@rspack/binding-linux-x64-musl@2.0.5':
    optional: true

  '@rspack/binding-wasm32-wasi@2.0.5':
    dependencies:
      '@emnapi/core': 1.10.0
      '@emnapi/runtime': 1.10.0
      '@napi-rs/wasm-runtime': 1.1.4(@emnapi/core@1.10.0)(@emnapi/runtime@1.10.0)
    optional: true

  '@rspack/binding-win32-arm64-msvc@2.0.5':
    optional: true

  '@rspack/binding-win32-ia32-msvc@2.0.5':
    optional: true

  '@rspack/binding-win32-x64-msvc@2.0.5':
    optional: true

  '@rspack/binding@2.0.5':
    optionalDependencies:
      '@rspack/binding-darwin-arm64': 2.0.5
      '@rspack/binding-darwin-x64': 2.0.5
      '@rspack/binding-linux-arm64-gnu': 2.0.5
      '@rspack/binding-linux-arm64-musl': 2.0.5
      '@rspack/binding-linux-x64-gnu': 2.0.5
      '@rspack/binding-linux-x64-musl': 2.0.5
      '@rspack/binding-wasm32-wasi': 2.0.5
      '@rspack/binding-win32-arm64-msvc': 2.0.5
      '@rspack/binding-win32-ia32-msvc': 2.0.5
      '@rspack/binding-win32-x64-msvc': 2.0.5

  '@rspack/core@2.0.5(@swc/helpers@0.5.23)':
    dependencies:
      '@rspack/binding': 2.0.5
    optionalDependencies:
      '@swc/helpers': 0.5.23

  '@swc/helpers@0.5.23':
    dependencies:
      tslib: 2.8.1

  '@tybys/wasm-util@0.10.1':
    dependencies:
      tslib: 2.8.1
    optional: true

  '@types/node@24.12.4':
    dependencies:
      undici-types: 7.16.0

  picomatch@4.0.4: {}

  prettier@3.8.3: {}

  rsbuild-plugin-dts@0.22.0(@rsbuild/core@2.0.9)(typescript@6.0.3):
    dependencies:
      '@ast-grep/napi': 0.37.0
      '@rsbuild/core': 2.0.9
    optionalDependencies:
      typescript: 6.0.3

  tslib@2.8.1: {}

  typescript@6.0.3: {}

  undici-types@7.16.0: {}
